
Microsoft Visual Studio Solution File, Format Version 12.00
# Visual Studio Version 16
VisualStudioVersion = 16.0.29509.3
MinimumVisualStudioVersion = 10.0.40219.1
Project("{FAE04EC0-301F-11D3-BF4B-00C04F79EFBC}") = "Server", "Server\Server.csproj", "{2563891F-6993-4B30-80FF-6E25B1A483DF}"
EndProject
Project("{FAE04EC0-301F-11D3-BF4B-00C04F79EFBC}") = "Common", "Common\Common.csproj", "{B56C10C1-BE0E-4106-9EFE-A5B124160A0D}"
EndProject
Project("{FAE04EC0-301F-11D3-BF4B-00C04F79EFBC}") = "Client", "Client\Client.csproj", "{7C1D17F4-1EE4-436E-BD01-B115AA1D5EB0}"
EndProject
Global
	GlobalSection(SolutionConfigurationPlatforms) = preSolution
		Debug|Any CPU = Debug|Any CPU
		Release|Any CPU = Release|Any CPU
	EndGlobalSection
	GlobalSection(ProjectConfigurationPlatforms) = postSolution
		{2563891F-6993-4B30-80FF-6E25B1A483DF}.Debug|Any CPU.ActiveCfg = Debug|Any CPU
		{2563891F-6993-4B30-80FF-6E25B1A483DF}.Debug|Any CPU.Build.0 = Debug|Any CPU
		{2563891F-6993-4B30-80FF-6E25B1A483DF}.Release|Any CPU.ActiveCfg = Release|Any CPU
		{2563891F-6993-4B30-80FF-6E25B1A483DF}.Release|Any CPU.Build.0 = Release|Any CPU
		{B56C10C1-BE0E-4106-9EFE-A5B124160A0D}.Debug|Any CPU.ActiveCfg = Debug|Any CPU
		{B56C10C1-BE0E-4106-9EFE-A5B124160A0D}.Debug|Any CPU.Build.0 = Debug|Any CPU
		{B56C10C1-BE0E-4106-9EFE-A5B124160A0D}.Release|Any CPU.ActiveCfg = Release|Any CPU
		{B56C10C1-BE0E-4106-9EFE-A5B124160A0D}.Release|Any CPU.Build.0 = Release|Any CPU
		{7C1D17F4-1EE4-436E-BD01-B115AA1D5EB0}.Debug|Any CPU.ActiveCfg = Debug|Any CPU
		{7C1D17F4-1EE4-436E-BD01-B115AA1D5EB0}.Debug|Any CPU.Build.0 = Debug|Any CPU
		{7C1D17F4-1EE4-436E-BD01-B115AA1D5EB0}.Release|Any CPU.ActiveCfg = Release|Any CPU
		{7C1D17F4-1EE4-436E-BD01-B115AA1D5EB0}.Release|Any CPU.Build.0 = Release|Any CPU
	EndGlobalSection
	GlobalSection(SolutionProperties) = preSolution
		HideSolutionNode = FALSE
	EndGlobalSection
	GlobalSection(ExtensibilityGlobals) = postSolution
		SolutionGuid = {AFAAEF01-1EEA-4C5B-8132-EFF828610A29}
	EndGlobalSection
EndGlobal
